Microsoft Visual Studio Solution File, Format Version 11.00
# Visual Studio 2008

Project("{174FC35F-81BF-9E11-F5F2-529D4B13BF5A}") = "Ali_Saim_COMP305_A2_Project", "Assembly-CSharp.csproj", "{153A87FB-B4F1-7B8B-EAA3-D79511076084}"
EndProject
Global
	GlobalSection(SolutionConfigurationPlatforms) = preSolution
		Debug|Any CPU = Debug|Any CPU
		Release|Any CPU = Release|Any CPU
	EndGlobalSection
	GlobalSection(ProjectConfigurationPlatforms) = postSolution
		{153A87FB-B4F1-7B8B-EAA3-D79511076084}.Debug|Any CPU.ActiveCfg = Debug|Any CPU
		{153A87FB-B4F1-7B8B-EAA3-D79511076084}.Debug|Any CPU.Build.0 = Debug|Any CPU
		{153A87FB-B4F1-7B8B-EAA3-D79511076084}.Release|Any CPU.ActiveCfg = Release|Any CPU
		{153A87FB-B4F1-7B8B-EAA3-D79511076084}.Release|Any CPU.Build.0 = Release|Any CPU
	EndGlobalSection
	GlobalSection(SolutionProperties) = preSolution
		HideSolutionNode = FALSE
	EndGlobalSection
	GlobalSection(MonoDevelopProperties) = preSolution
		StartupItem = Assembly-CSharp.csproj
	EndGlobalSection
EndGlobal
